
Microsoft Visual Studio Solution File, Format Version 12.00
# Visual Studio Version 16
VisualStudioVersion = 16.0.30611.23
MinimumVisualStudioVersion = 10.0.40219.1
Project("{FAE04EC0-301F-11D3-BF4B-00C04F79EFBC}") = "CourseConditionalStructure", "CourseConditionalStructure\CourseConditionalStructure.csproj", "{38DDEEC9-36A2-4DB5-9ACC-4125D8D79982}"
EndProject
Global
	GlobalSection(SolutionConfigurationPlatforms) = preSolution
		Debug|Any CPU = Debug|Any CPU
		Release|Any CPU = Release|Any CPU
	EndGlobalSection
	GlobalSection(ProjectConfigurationPlatforms) = postSolution
		{38DDEEC9-36A2-4DB5-9ACC-4125D8D79982}.Debug|Any CPU.ActiveCfg = Debug|Any CPU
		{38DDEEC9-36A2-4DB5-9ACC-4125D8D79982}.Debug|Any CPU.Build.0 = Debug|Any CPU
		{38DDEEC9-36A2-4DB5-9ACC-4125D8D79982}.Release|Any CPU.ActiveCfg = Release|Any CPU
		{38DDEEC9-36A2-4DB5-9ACC-4125D8D79982}.Release|Any CPU.Build.0 = Release|Any CPU
	EndGlobalSection
	GlobalSection(SolutionProperties) = preSolution
		HideSolutionNode = FALSE
	EndGlobalSection
	GlobalSection(ExtensibilityGlobals) = postSolution
		SolutionGuid = {D4BF2320-52BF-4B17-AD8C-A2C7D4B5311A}
	EndGlobalSection
EndGlobal
