
Microsoft Visual Studio Solution File, Format Version 12.00
# Visual Studio Version 16
VisualStudioVersion = 16.0.30611.23
MinimumVisualStudioVersion = 10.0.40219.1
Project("{FAE04EC0-301F-11D3-BF4B-00C04F79EFBC}") = "CourseExampleNullable", "CourseExampleNullable\CourseExampleNullable.csproj", "{39D8500A-66BF-40F4-8D33-175A8F21F00A}"
EndProject
Global
	GlobalSection(SolutionConfigurationPlatforms) = preSolution
		Debug|Any CPU = Debug|Any CPU
		Release|Any CPU = Release|Any CPU
	EndGlobalSection
	GlobalSection(ProjectConfigurationPlatforms) = postSolution
		{39D8500A-66BF-40F4-8D33-175A8F21F00A}.Debug|Any CPU.ActiveCfg = Debug|Any CPU
		{39D8500A-66BF-40F4-8D33-175A8F21F00A}.Debug|Any CPU.Build.0 = Debug|Any CPU
		{39D8500A-66BF-40F4-8D33-175A8F21F00A}.Release|Any CPU.ActiveCfg = Release|Any CPU
		{39D8500A-66BF-40F4-8D33-175A8F21F00A}.Release|Any CPU.Build.0 = Release|Any CPU
	EndGlobalSection
	GlobalSection(SolutionProperties) = preSolution
		HideSolutionNode = FALSE
	EndGlobalSection
	GlobalSection(ExtensibilityGlobals) = postSolution
		SolutionGuid = {2A93DE35-6775-41E8-9FA8-BA06608FAEC3}
	EndGlobalSection
EndGlobal
