
Microsoft Visual Studio Solution File, Format Version 12.00
# Visual Studio Version 16
VisualStudioVersion = 16.0.30611.23
MinimumVisualStudioVersion = 10.0.40219.1
Project("{FAE04EC0-301F-11D3-BF4B-00C04F79EFBC}") = "FixationExercise1", "FixationExercise1\FixationExercise1.csproj", "{B8DD8A46-7794-42CC-A5E3-BC5D748AC7C2}"
EndProject
Global
	GlobalSection(SolutionConfigurationPlatforms) = preSolution
		Debug|Any CPU = Debug|Any CPU
		Release|Any CPU = Release|Any CPU
	EndGlobalSection
	GlobalSection(ProjectConfigurationPlatforms) = postSolution
		{B8DD8A46-7794-42CC-A5E3-BC5D748AC7C2}.Debug|Any CPU.ActiveCfg = Debug|Any CPU
		{B8DD8A46-7794-42CC-A5E3-BC5D748AC7C2}.Debug|Any CPU.Build.0 = Debug|Any CPU
		{B8DD8A46-7794-42CC-A5E3-BC5D748AC7C2}.Release|Any CPU.ActiveCfg = Release|Any CPU
		{B8DD8A46-7794-42CC-A5E3-BC5D748AC7C2}.Release|Any CPU.Build.0 = Release|Any CPU
	EndGlobalSection
	GlobalSection(SolutionProperties) = preSolution
		HideSolutionNode = FALSE
	EndGlobalSection
	GlobalSection(ExtensibilityGlobals) = postSolution
		SolutionGuid = {7D709B22-FE53-48BE-BA8F-6AB633876ADA}
	EndGlobalSection
EndGlobal
