
Microsoft Visual Studio Solution File, Format Version 12.00
# Visual Studio Version 16
VisualStudioVersion = 16.0.31402.337
MinimumVisualStudioVersion = 10.0.40219.1
Project("{FAE04EC0-301F-11D3-BF4B-00C04F79EFBC}") = "SalesWebMvc", "SalesWebMvc\SalesWebMvc.csproj", "{31D1804A-D848-4BF3-9392-2F23D105CD7D}"
EndProject
Global
	GlobalSection(SolutionConfigurationPlatforms) = preSolution
		Debug|Any CPU = Debug|Any CPU
		Release|Any CPU = Release|Any CPU
	EndGlobalSection
	GlobalSection(ProjectConfigurationPlatforms) = postSolution
		{31D1804A-D848-4BF3-9392-2F23D105CD7D}.Debug|Any CPU.ActiveCfg = Debug|Any CPU
		{31D1804A-D848-4BF3-9392-2F23D105CD7D}.Debug|Any CPU.Build.0 = Debug|Any CPU
		{31D1804A-D848-4BF3-9392-2F23D105CD7D}.Release|Any CPU.ActiveCfg = Release|Any CPU
		{31D1804A-D848-4BF3-9392-2F23D105CD7D}.Release|Any CPU.Build.0 = Release|Any CPU
	EndGlobalSection
	GlobalSection(SolutionProperties) = preSolution
		HideSolutionNode = FALSE
	EndGlobalSection
	GlobalSection(ExtensibilityGlobals) = postSolution
		SolutionGuid = {6F2FCEA4-3FA8-4661-AF5A-39B780881658}
	EndGlobalSection
EndGlobal
