
Microsoft Visual Studio Solution File, Format Version 12.00
# Visual Studio Version 16
VisualStudioVersion = 16.0.30611.23
MinimumVisualStudioVersion = 10.0.40219.1
Project("{FAE04EC0-301F-11D3-BF4B-00C04F79EFBC}") = "FixationExerciseWhile2", "FixationExerciseWhile2\FixationExerciseWhile2.csproj", "{2C1C594C-1CBA-48C9-8634-864119F83146}"
EndProject
Global
	GlobalSection(SolutionConfigurationPlatforms) = preSolution
		Debug|Any CPU = Debug|Any CPU
		Release|Any CPU = Release|Any CPU
	EndGlobalSection
	GlobalSection(ProjectConfigurationPlatforms) = postSolution
		{2C1C594C-1CBA-48C9-8634-864119F83146}.Debug|Any CPU.ActiveCfg = Debug|Any CPU
		{2C1C594C-1CBA-48C9-8634-864119F83146}.Debug|Any CPU.Build.0 = Debug|Any CPU
		{2C1C594C-1CBA-48C9-8634-864119F83146}.Release|Any CPU.ActiveCfg = Release|Any CPU
		{2C1C594C-1CBA-48C9-8634-864119F83146}.Release|Any CPU.Build.0 = Release|Any CPU
	EndGlobalSection
	GlobalSection(SolutionProperties) = preSolution
		HideSolutionNode = FALSE
	EndGlobalSection
	GlobalSection(ExtensibilityGlobals) = postSolution
		SolutionGuid = {F8E684FB-18E5-4DC1-8F57-8D8A1EF1897C}
	EndGlobalSection
EndGlobal
