
Microsoft Visual Studio Solution File, Format Version 12.00
# Visual Studio Version 16
VisualStudioVersion = 16.0.30611.23
MinimumVisualStudioVersion = 10.0.40219.1
Project("{FAE04EC0-301F-11D3-BF4B-00C04F79EFBC}") = "FixationExerciseVetor", "FixationExerciseVetor\FixationExerciseVetor.csproj", "{B0987C8F-BBE0-4660-B543-3A451B8C68DF}"
EndProject
Global
	GlobalSection(SolutionConfigurationPlatforms) = preSolution
		Debug|Any CPU = Debug|Any CPU
		Release|Any CPU = Release|Any CPU
	EndGlobalSection
	GlobalSection(ProjectConfigurationPlatforms) = postSolution
		{B0987C8F-BBE0-4660-B543-3A451B8C68DF}.Debug|Any CPU.ActiveCfg = Debug|Any CPU
		{B0987C8F-BBE0-4660-B543-3A451B8C68DF}.Debug|Any CPU.Build.0 = Debug|Any CPU
		{B0987C8F-BBE0-4660-B543-3A451B8C68DF}.Release|Any CPU.ActiveCfg = Release|Any CPU
		{B0987C8F-BBE0-4660-B543-3A451B8C68DF}.Release|Any CPU.Build.0 = Release|Any CPU
	EndGlobalSection
	GlobalSection(SolutionProperties) = preSolution
		HideSolutionNode = FALSE
	EndGlobalSection
	GlobalSection(ExtensibilityGlobals) = postSolution
		SolutionGuid = {86F18617-5E92-4BE3-86FF-3961B4B820E1}
	EndGlobalSection
EndGlobal
