
Microsoft Visual Studio Solution File, Format Version 12.00
# Visual Studio Version 16
VisualStudioVersion = 16.0.30611.23
MinimumVisualStudioVersion = 10.0.40219.1
Project("{FAE04EC0-301F-11D3-BF4B-00C04F79EFBC}") = "FixationExerciseConditionalStructure5", "FixationExerciseConditionalStructure5\FixationExerciseConditionalStructure5.csproj", "{3DF31480-FE59-49A0-9629-8F4F0ED6DD9F}"
EndProject
Global
	GlobalSection(SolutionConfigurationPlatforms) = preSolution
		Debug|Any CPU = Debug|Any CPU
		Release|Any CPU = Release|Any CPU
	EndGlobalSection
	GlobalSection(ProjectConfigurationPlatforms) = postSolution
		{3DF31480-FE59-49A0-9629-8F4F0ED6DD9F}.Debug|Any CPU.ActiveCfg = Debug|Any CPU
		{3DF31480-FE59-49A0-9629-8F4F0ED6DD9F}.Debug|Any CPU.Build.0 = Debug|Any CPU
		{3DF31480-FE59-49A0-9629-8F4F0ED6DD9F}.Release|Any CPU.ActiveCfg = Release|Any CPU
		{3DF31480-FE59-49A0-9629-8F4F0ED6DD9F}.Release|Any CPU.Build.0 = Release|Any CPU
	EndGlobalSection
	GlobalSection(SolutionProperties) = preSolution
		HideSolutionNode = FALSE
	EndGlobalSection
	GlobalSection(ExtensibilityGlobals) = postSolution
		SolutionGuid = {E9225157-21D4-46BB-AA4C-F601E7A85403}
	EndGlobalSection
EndGlobal
