
Microsoft Visual Studio Solution File, Format Version 12.00
# Visual Studio Version 16
VisualStudioVersion = 16.0.30611.23
MinimumVisualStudioVersion = 10.0.40219.1
Project("{FAE04EC0-301F-11D3-BF4B-00C04F79EFBC}") = "CourseExampleVetores", "CourseExampleVetores\CourseExampleVetores.csproj", "{D0064365-0615-4903-B67C-A832B145890B}"
EndProject
Global
	GlobalSection(SolutionConfigurationPlatforms) = preSolution
		Debug|Any CPU = Debug|Any CPU
		Release|Any CPU = Release|Any CPU
	EndGlobalSection
	GlobalSection(ProjectConfigurationPlatforms) = postSolution
		{D0064365-0615-4903-B67C-A832B145890B}.Debug|Any CPU.ActiveCfg = Debug|Any CPU
		{D0064365-0615-4903-B67C-A832B145890B}.Debug|Any CPU.Build.0 = Debug|Any CPU
		{D0064365-0615-4903-B67C-A832B145890B}.Release|Any CPU.ActiveCfg = Release|Any CPU
		{D0064365-0615-4903-B67C-A832B145890B}.Release|Any CPU.Build.0 = Release|Any CPU
	EndGlobalSection
	GlobalSection(SolutionProperties) = preSolution
		HideSolutionNode = FALSE
	EndGlobalSection
	GlobalSection(ExtensibilityGlobals) = postSolution
		SolutionGuid = {ECD805CE-1AC4-4AAA-81AD-5377AF462C66}
	EndGlobalSection
EndGlobal
