
Microsoft Visual Studio Solution File, Format Version 12.00
# Visual Studio Version 16
VisualStudioVersion = 16.0.30611.23
MinimumVisualStudioVersion = 10.0.40219.1
Project("{FAE04EC0-301F-11D3-BF4B-00C04F79EFBC}") = "CourseTypeBasic", "CourseTypeBasic\CourseTypeBasic.csproj", "{89EE8309-FA23-4682-866E-7B34B62FCB6F}"
EndProject
Global
	GlobalSection(SolutionConfigurationPlatforms) = preSolution
		Debug|Any CPU = Debug|Any CPU
		Release|Any CPU = Release|Any CPU
	EndGlobalSection
	GlobalSection(ProjectConfigurationPlatforms) = postSolution
		{89EE8309-FA23-4682-866E-7B34B62FCB6F}.Debug|Any CPU.ActiveCfg = Debug|Any CPU
		{89EE8309-FA23-4682-866E-7B34B62FCB6F}.Debug|Any CPU.Build.0 = Debug|Any CPU
		{89EE8309-FA23-4682-866E-7B34B62FCB6F}.Release|Any CPU.ActiveCfg = Release|Any CPU
		{89EE8309-FA23-4682-866E-7B34B62FCB6F}.Release|Any CPU.Build.0 = Release|Any CPU
	EndGlobalSection
	GlobalSection(SolutionProperties) = preSolution
		HideSolutionNode = FALSE
	EndGlobalSection
	GlobalSection(ExtensibilityGlobals) = postSolution
		SolutionGuid = {2FBB466C-C7B0-4426-B543-10AE9D6D6D09}
	EndGlobalSection
EndGlobal
