
Microsoft Visual Studio Solution File, Format Version 12.00
# Visual Studio Version 16
VisualStudioVersion = 16.0.30611.23
MinimumVisualStudioVersion = 10.0.40219.1
Project("{FAE04EC0-301F-11D3-BF4B-00C04F79EFBC}") = "CourseExampleSpecialTopics7", "CourseExampleSpecialTopics7\CourseExampleSpecialTopics7.csproj", "{3D56F053-5384-44E7-9536-24BC85FA65EC}"
EndProject
Global
	GlobalSection(SolutionConfigurationPlatforms) = preSolution
		Debug|Any CPU = Debug|Any CPU
		Release|Any CPU = Release|Any CPU
	EndGlobalSection
	GlobalSection(ProjectConfigurationPlatforms) = postSolution
		{3D56F053-5384-44E7-9536-24BC85FA65EC}.Debug|Any CPU.ActiveCfg = Debug|Any CPU
		{3D56F053-5384-44E7-9536-24BC85FA65EC}.Debug|Any CPU.Build.0 = Debug|Any CPU
		{3D56F053-5384-44E7-9536-24BC85FA65EC}.Release|Any CPU.ActiveCfg = Release|Any CPU
		{3D56F053-5384-44E7-9536-24BC85FA65EC}.Release|Any CPU.Build.0 = Release|Any CPU
	EndGlobalSection
	GlobalSection(SolutionProperties) = preSolution
		HideSolutionNode = FALSE
	EndGlobalSection
	GlobalSection(ExtensibilityGlobals) = postSolution
		SolutionGuid = {3C599448-9F8E-47C9-BA39-1D02A4D3CCA1}
	EndGlobalSection
EndGlobal
