
Microsoft Visual Studio Solution File, Format Version 12.00
# Visual Studio Version 16
VisualStudioVersion = 16.0.30611.23
MinimumVisualStudioVersion = 10.0.40219.1
Project("{FAE04EC0-301F-11D3-BF4B-00C04F79EFBC}") = "FixationExerciseConditionalStructure6", "FixationExerciseConditionalStructure6\FixationExerciseConditionalStructure6.csproj", "{1EB51D21-DD4E-4BA7-87F8-DDF636519A15}"
EndProject
Global
	GlobalSection(SolutionConfigurationPlatforms) = preSolution
		Debug|Any CPU = Debug|Any CPU
		Release|Any CPU = Release|Any CPU
	EndGlobalSection
	GlobalSection(ProjectConfigurationPlatforms) = postSolution
		{1EB51D21-DD4E-4BA7-87F8-DDF636519A15}.Debug|Any CPU.ActiveCfg = Debug|Any CPU
		{1EB51D21-DD4E-4BA7-87F8-DDF636519A15}.Debug|Any CPU.Build.0 = Debug|Any CPU
		{1EB51D21-DD4E-4BA7-87F8-DDF636519A15}.Release|Any CPU.ActiveCfg = Release|Any CPU
		{1EB51D21-DD4E-4BA7-87F8-DDF636519A15}.Release|Any CPU.Build.0 = Release|Any CPU
	EndGlobalSection
	GlobalSection(SolutionProperties) = preSolution
		HideSolutionNode = FALSE
	EndGlobalSection
	GlobalSection(ExtensibilityGlobals) = postSolution
		SolutionGuid = {9B38E873-D37C-4BBB-A875-2509D93F0CCC}
	EndGlobalSection
EndGlobal
