
Microsoft Visual Studio Solution File, Format Version 12.00
# Visual Studio Version 16
VisualStudioVersion = 16.0.30611.23
MinimumVisualStudioVersion = 10.0.40219.1
Project("{FAE04EC0-301F-11D3-BF4B-00C04F79EFBC}") = "FixationExerciseEnumComposition", "FixationExerciseEnumComposition\FixationExerciseEnumComposition.csproj", "{50E344F0-331C-4861-9CE7-2304A94C8D5D}"
EndProject
Global
	GlobalSection(SolutionConfigurationPlatforms) = preSolution
		Debug|Any CPU = Debug|Any CPU
		Release|Any CPU = Release|Any CPU
	EndGlobalSection
	GlobalSection(ProjectConfigurationPlatforms) = postSolution
		{50E344F0-331C-4861-9CE7-2304A94C8D5D}.Debug|Any CPU.ActiveCfg = Debug|Any CPU
		{50E344F0-331C-4861-9CE7-2304A94C8D5D}.Debug|Any CPU.Build.0 = Debug|Any CPU
		{50E344F0-331C-4861-9CE7-2304A94C8D5D}.Release|Any CPU.ActiveCfg = Release|Any CPU
		{50E344F0-331C-4861-9CE7-2304A94C8D5D}.Release|Any CPU.Build.0 = Release|Any CPU
	EndGlobalSection
	GlobalSection(SolutionProperties) = preSolution
		HideSolutionNode = FALSE
	EndGlobalSection
	GlobalSection(ExtensibilityGlobals) = postSolution
		SolutionGuid = {2972A49F-538C-4764-B685-02A26EDB8F9D}
	EndGlobalSection
EndGlobal
