
Microsoft Visual Studio Solution File, Format Version 12.00
# Visual Studio Version 16
VisualStudioVersion = 16.0.30611.23
MinimumVisualStudioVersion = 10.0.40219.1
Project("{FAE04EC0-301F-11D3-BF4B-00C04F79EFBC}") = "CourseCreateMethod", "CourseCreateMethod\CourseCreateMethod.csproj", "{BC4D220A-7BB8-4528-9CD7-797D16EE846A}"
EndProject
Global
	GlobalSection(SolutionConfigurationPlatforms) = preSolution
		Debug|Any CPU = Debug|Any CPU
		Release|Any CPU = Release|Any CPU
	EndGlobalSection
	GlobalSection(ProjectConfigurationPlatforms) = postSolution
		{BC4D220A-7BB8-4528-9CD7-797D16EE846A}.Debug|Any CPU.ActiveCfg = Debug|Any CPU
		{BC4D220A-7BB8-4528-9CD7-797D16EE846A}.Debug|Any CPU.Build.0 = Debug|Any CPU
		{BC4D220A-7BB8-4528-9CD7-797D16EE846A}.Release|Any CPU.ActiveCfg = Release|Any CPU
		{BC4D220A-7BB8-4528-9CD7-797D16EE846A}.Release|Any CPU.Build.0 = Release|Any CPU
	EndGlobalSection
	GlobalSection(SolutionProperties) = preSolution
		HideSolutionNode = FALSE
	EndGlobalSection
	GlobalSection(ExtensibilityGlobals) = postSolution
		SolutionGuid = {7DB619F8-6E15-4C08-BFF4-A8573055C9A0}
	EndGlobalSection
EndGlobal
