
Microsoft Visual Studio Solution File, Format Version 12.00
# Visual Studio Version 16
VisualStudioVersion = 16.0.30611.23
MinimumVisualStudioVersion = 10.0.40219.1
Project("{FAE04EC0-301F-11D3-BF4B-00C04F79EFBC}") = "CourseExampleSpecialTopics", "CourseExampleSpecialTopics\CourseExampleSpecialTopics.csproj", "{56FE2A6E-E7F0-4DCF-87D1-F7D9FACFF491}"
EndProject
Global
	GlobalSection(SolutionConfigurationPlatforms) = preSolution
		Debug|Any CPU = Debug|Any CPU
		Release|Any CPU = Release|Any CPU
	EndGlobalSection
	GlobalSection(ProjectConfigurationPlatforms) = postSolution
		{56FE2A6E-E7F0-4DCF-87D1-F7D9FACFF491}.Debug|Any CPU.ActiveCfg = Debug|Any CPU
		{56FE2A6E-E7F0-4DCF-87D1-F7D9FACFF491}.Debug|Any CPU.Build.0 = Debug|Any CPU
		{56FE2A6E-E7F0-4DCF-87D1-F7D9FACFF491}.Release|Any CPU.ActiveCfg = Release|Any CPU
		{56FE2A6E-E7F0-4DCF-87D1-F7D9FACFF491}.Release|Any CPU.Build.0 = Release|Any CPU
	EndGlobalSection
	GlobalSection(SolutionProperties) = preSolution
		HideSolutionNode = FALSE
	EndGlobalSection
	GlobalSection(ExtensibilityGlobals) = postSolution
		SolutionGuid = {780AFDE8-5B02-48E7-BC82-0CC709912C7B}
	EndGlobalSection
EndGlobal
